
Microsoft Visual Studio Solution File, Format Version 12.00
# Visual Studio 15
VisualStudioVersion = 15.0.27428.2037
MinimumVisualStudioVersion = 10.0.40219.1
Project("{8BC9CEB8-8B4A-11D0-8D11-00A0C91BC942}") = "study_2", "study_2\study_2.vcxproj", "{BBC1EBA4-662C-4897-9FFA-2B95EDA933C4}"
EndProject
Global
	GlobalSection(SolutionConfigurationPlatforms) = preSolution
		Debug|x64 = Debug|x64
		Debug|x86 = Debug|x86
		Release|x64 = Release|x64
		Release|x86 = Release|x86
	EndGlobalSection
	GlobalSection(ProjectConfigurationPlatforms) = postSolution
		{BBC1EBA4-662C-4897-9FFA-2B95EDA933C4}.Debug|x64.ActiveCfg = Debug|x64
		{BBC1EBA4-662C-4897-9FFA-2B95EDA933C4}.Debug|x64.Build.0 = Debug|x64
		{BBC1EBA4-662C-4897-9FFA-2B95EDA933C4}.Debug|x86.ActiveCfg = Debug|Win32
		{BBC1EBA4-662C-4897-9FFA-2B95EDA933C4}.Debug|x86.Build.0 = Debug|Win32
		{BBC1EBA4-662C-4897-9FFA-2B95EDA933C4}.Release|x64.ActiveCfg = Release|x64
		{BBC1EBA4-662C-4897-9FFA-2B95EDA933C4}.Release|x64.Build.0 = Release|x64
		{BBC1EBA4-662C-4897-9FFA-2B95EDA933C4}.Release|x86.ActiveCfg = Release|Win32
		{BBC1EBA4-662C-4897-9FFA-2B95EDA933C4}.Release|x86.Build.0 = Release|Win32
	EndGlobalSection
	GlobalSection(SolutionProperties) = preSolution
		HideSolutionNode = FALSE
	EndGlobalSection
	GlobalSection(ExtensibilityGlobals) = postSolution
		SolutionGuid = {AB458E63-5140-45FC-B218-999F96F729D0}
	EndGlobalSection
EndGlobal
